
Microsoft Visual Studio Solution File, Format Version 12.00
# Visual Studio Version 17
VisualStudioVersion = 17.10.35122.118
MinimumVisualStudioVersion = 10.0.40219.1
Project("{FAE04EC0-301F-11D3-BF4B-00C04F79EFBC}") = "Library Management System", "Library Management System.csproj", "{D1D4DEA5-3C35-4F43-94AA-9CCA1A15BA36}"
EndProject
Global
	GlobalSection(SolutionConfigurationPlatforms) = preSolution
		Debug|Any CPU = Debug|Any CPU
		Release|Any CPU = Release|Any CPU
	EndGlobalSection
	GlobalSection(ProjectConfigurationPlatforms) = postSolution
		{D1D4DEA5-3C35-4F43-94AA-9CCA1A15BA36}.Debug|Any CPU.ActiveCfg = Debug|Any CPU
		{D1D4DEA5-3C35-4F43-94AA-9CCA1A15BA36}.Debug|Any CPU.Build.0 = Debug|Any CPU
		{D1D4DEA5-3C35-4F43-94AA-9CCA1A15BA36}.Release|Any CPU.ActiveCfg = Release|Any CPU
		{D1D4DEA5-3C35-4F43-94AA-9CCA1A15BA36}.Release|Any CPU.Build.0 = Release|Any CPU
	EndGlobalSection
	GlobalSection(SolutionProperties) = preSolution
		HideSolutionNode = FALSE
	EndGlobalSection
	GlobalSection(ExtensibilityGlobals) = postSolution
		SolutionGuid = {411E13C0-5656-481D-BEF5-D92967593B17}
	EndGlobalSection
EndGlobal
